
Microsoft Visual Studio Solution File, Format Version 12.00
# Visual Studio 14
VisualStudioVersion = 14.0.25420.1
MinimumVisualStudioVersion = 10.0.40219.1
Project("{FAE04EC0-301F-11D3-BF4B-00C04F79EFBC}") = "Service", "Service\Service.csproj", "{0CCA125D-9987-4128-895E-25C0DD1B684F}"
EndProject
Project("{FAE04EC0-301F-11D3-BF4B-00C04F79EFBC}") = "Service.Console", "Service.Console\Service.Console.csproj", "{C56E7E2E-DCB8-4B6D-AEEA-EF87DE8CB059}"
EndProject
Project("{FAE04EC0-301F-11D3-BF4B-00C04F79EFBC}") = "Client.Console", "Client.Console\Client.Console.csproj", "{BB8D6826-93DF-410E-AC65-D3A32A59F337}"
	ProjectSection(ProjectDependencies) = postProject
		{0CCA125D-9987-4128-895E-25C0DD1B684F} = {0CCA125D-9987-4128-895E-25C0DD1B684F}
	EndProjectSection
EndProject
Project("{FAE04EC0-301F-11D3-BF4B-00C04F79EFBC}") = "Client", "Client\Client.csproj", "{576AA68D-D15E-4257-AA48-4C1077CECDA9}"
	ProjectSection(ProjectDependencies) = postProject
		{0CCA125D-9987-4128-895E-25C0DD1B684F} = {0CCA125D-9987-4128-895E-25C0DD1B684F}
	EndProjectSection
EndProject
Project("{FAE04EC0-301F-11D3-BF4B-00C04F79EFBC}") = "Library", "Library\Library.csproj", "{5CAC4497-470C-49FE-9CFD-AD5C908BEA79}"
EndProject
Project("{FAE04EC0-301F-11D3-BF4B-00C04F79EFBC}") = "Library.UnitTests", "Library.UnitTests\Library.UnitTests.csproj", "{A2A13612-A3F5-4219-B21B-E2DE1220B632}"
EndProject
Global
	GlobalSection(SolutionConfigurationPlatforms) = preSolution
		Debug|Any CPU = Debug|Any CPU
		Release|Any CPU = Release|Any CPU
	EndGlobalSection
	GlobalSection(ProjectConfigurationPlatforms) = postSolution
		{0CCA125D-9987-4128-895E-25C0DD1B684F}.Debug|Any CPU.ActiveCfg = Debug|Any CPU
		{0CCA125D-9987-4128-895E-25C0DD1B684F}.Debug|Any CPU.Build.0 = Debug|Any CPU
		{0CCA125D-9987-4128-895E-25C0DD1B684F}.Release|Any CPU.ActiveCfg = Release|Any CPU
		{0CCA125D-9987-4128-895E-25C0DD1B684F}.Release|Any CPU.Build.0 = Release|Any CPU
		{C56E7E2E-DCB8-4B6D-AEEA-EF87DE8CB059}.Debug|Any CPU.ActiveCfg = Debug|Any CPU
		{C56E7E2E-DCB8-4B6D-AEEA-EF87DE8CB059}.Debug|Any CPU.Build.0 = Debug|Any CPU
		{C56E7E2E-DCB8-4B6D-AEEA-EF87DE8CB059}.Release|Any CPU.ActiveCfg = Release|Any CPU
		{C56E7E2E-DCB8-4B6D-AEEA-EF87DE8CB059}.Release|Any CPU.Build.0 = Release|Any CPU
		{BB8D6826-93DF-410E-AC65-D3A32A59F337}.Debug|Any CPU.ActiveCfg = Debug|Any CPU
		{BB8D6826-93DF-410E-AC65-D3A32A59F337}.Debug|Any CPU.Build.0 = Debug|Any CPU
		{BB8D6826-93DF-410E-AC65-D3A32A59F337}.Release|Any CPU.ActiveCfg = Release|Any CPU
		{BB8D6826-93DF-410E-AC65-D3A32A59F337}.Release|Any CPU.Build.0 = Release|Any CPU
		{576AA68D-D15E-4257-AA48-4C1077CECDA9}.Debug|Any CPU.ActiveCfg = Debug|Any CPU
		{576AA68D-D15E-4257-AA48-4C1077CECDA9}.Debug|Any CPU.Build.0 = Debug|Any CPU
		{576AA68D-D15E-4257-AA48-4C1077CECDA9}.Release|Any CPU.ActiveCfg = Release|Any CPU
		{576AA68D-D15E-4257-AA48-4C1077CECDA9}.Release|Any CPU.Build.0 = Release|Any CPU
		{5CAC4497-470C-49FE-9CFD-AD5C908BEA79}.Debug|Any CPU.ActiveCfg = Debug|Any CPU
		{5CAC4497-470C-49FE-9CFD-AD5C908BEA79}.Debug|Any CPU.Build.0 = Debug|Any CPU
		{5CAC4497-470C-49FE-9CFD-AD5C908BEA79}.Release|Any CPU.ActiveCfg = Release|Any CPU
		{5CAC4497-470C-49FE-9CFD-AD5C908BEA79}.Release|Any CPU.Build.0 = Release|Any CPU
		{A2A13612-A3F5-4219-B21B-E2DE1220B632}.Debug|Any CPU.ActiveCfg = Debug|Any CPU
		{A2A13612-A3F5-4219-B21B-E2DE1220B632}.Debug|Any CPU.Build.0 = Debug|Any CPU
		{A2A13612-A3F5-4219-B21B-E2DE1220B632}.Release|Any CPU.ActiveCfg = Release|Any CPU
		{A2A13612-A3F5-4219-B21B-E2DE1220B632}.Release|Any CPU.Build.0 = Release|Any CPU
	EndGlobalSection
	GlobalSection(SolutionProperties) = preSolution
		HideSolutionNode = FALSE
	EndGlobalSection
EndGlobal
